
Microsoft Visual Studio Solution File, Format Version 12.00
# Visual Studio Version 16
VisualStudioVersion = 16.0.31129.286
MinimumVisualStudioVersion = 10.0.40219.1
Project("{FAE04EC0-301F-11D3-BF4B-00C04F79EFBC}") = "Skill_CodeFirstEntityProject", "Skill_CodeFirstEntityProject\Skill_CodeFirstEntityProject.csproj", "{D6A59318-333C-43A5-942C-0ED4505AD8FA}"
EndProject
Global
	GlobalSection(SolutionConfigurationPlatforms) = preSolution
		Debug|Any CPU = Debug|Any CPU
		Release|Any CPU = Release|Any CPU
	EndGlobalSection
	GlobalSection(ProjectConfigurationPlatforms) = postSolution
		{D6A59318-333C-43A5-942C-0ED4505AD8FA}.Debug|Any CPU.ActiveCfg = Debug|Any CPU
		{D6A59318-333C-43A5-942C-0ED4505AD8FA}.Debug|Any CPU.Build.0 = Debug|Any CPU
		{D6A59318-333C-43A5-942C-0ED4505AD8FA}.Release|Any CPU.ActiveCfg = Release|Any CPU
		{D6A59318-333C-43A5-942C-0ED4505AD8FA}.Release|Any CPU.Build.0 = Release|Any CPU
	EndGlobalSection
	GlobalSection(SolutionProperties) = preSolution
		HideSolutionNode = FALSE
	EndGlobalSection
	GlobalSection(ExtensibilityGlobals) = postSolution
		SolutionGuid = {7B9D06E2-5DC0-4D5C-B84B-6E0487F5E337}
	EndGlobalSection
EndGlobal
